// !$*UTF8*$!
{
	archiveVersion = 1;
	classes = {
	};
	objectVersion = 56;
	objects = {

/* Begin PBXBuildFile section */
		82356EFC2A1A06F80089115C /* OrderListView.swift in Sources */ = {isa = PBXBuildFile; fileRef = 82356EFB2A1A06F80089115C /* OrderListView.swift */; };
		82356EFE2A1A184A0089115C /* MainTabView.swift in Sources */ = {isa = PBXBuildFile; fileRef = 82356EFD2A1A184A0089115C /* MainTabView.swift */; };
		82550FED2A10D46D0057D9C4 /* ViewModel.swift in Sources */ = {isa = PBXBuildFile; fileRef = 82550FEC2A10D46D0057D9C4 /* ViewModel.swift */; };
		825C233A2A13D64500157422 /* ListViewDetail.swift in Sources */ = {isa = PBXBuildFile; fileRef = 825C23392A13D64500157422 /* ListViewDetail.swift */; };
		8281449D2A10E46F00975D2C /* MainMenuListView.swift in Sources */ = {isa = PBXBuildFile; fileRef = 8281449C2A10E46F00975D2C /* MainMenuListView.swift */; };
		8281449F2A10EBD800975D2C /* MainListCellView.swift in Sources */ = {isa = PBXBuildFile; fileRef = 8281449E2A10EBD800975D2C /* MainListCellView.swift */; };
		829DE1412A0BE4F200F30767 /* iFastFoodApp.swift in Sources */ = {isa = PBXBuildFile; fileRef = 829DE1402A0BE4F200F30767 /* iFastFoodApp.swift */; };
		829DE1452A0BE4F400F30767 /* Assets.xcassets in Resources */ = {isa = PBXBuildFile; fileRef = 829DE1442A0BE4F400F30767 /* Assets.xcassets */; };
		829DE1482A0BE4F400F30767 /* Preview Assets.xcassets in Resources */ = {isa = PBXBuildFile; fileRef = 829DE1472A0BE4F400F30767 /* Preview Assets.xcassets */; };
		829DE1522A0BE4F400F30767 /* iFastFoodTests.swift in Sources */ = {isa = PBXBuildFile; fileRef = 829DE1512A0BE4F400F30767 /* iFastFoodTests.swift */; };
		829DE15C2A0BE4F400F30767 /* iFastFoodUITests.swift in Sources */ = {isa = PBXBuildFile; fileRef = 829DE15B2A0BE4F400F30767 /* iFastFoodUITests.swift */; };
		829DE15E2A0BE4F400F30767 /* iFastFoodUITestsLaunchTests.swift in Sources */ = {isa = PBXBuildFile; fileRef = 829DE15D2A0BE4F400F30767 /* iFastFoodUITestsLaunchTests.swift */; };
		829DE16B2A0BE64700F30767 /* menu.json in Resources */ = {isa = PBXBuildFile; fileRef = 829DE16A2A0BE64700F30767 /* menu.json */; };
		829DE1712A0BE86000F30767 /* Persistence.swift in Sources */ = {isa = PBXBuildFile; fileRef = 829DE1702A0BE86000F30767 /* Persistence.swift */; };
		829DE1772A0BFC4D00F30767 /* Extensions.swift in Sources */ = {isa = PBXBuildFile; fileRef = 829DE1762A0BFC4D00F30767 /* Extensions.swift */; };
		829DE17A2A0BFD0E00F30767 /* MenuModel.swift in Sources */ = {isa = PBXBuildFile; fileRef = 829DE1792A0BFD0E00F30767 /* MenuModel.swift */; };
/* End PBXBuildFile section */

/* Begin PBXContainerItemProxy section */
		829DE14E2A0BE4F400F30767 /* PBXContainerItemProxy */ = {
			isa = PBXContainerItemProxy;
			containerPortal = 829DE1352A0BE4F200F30767 /* Project object */;
			proxyType = 1;
			remoteGlobalIDString = 829DE13C2A0BE4F200F30767;
			remoteInfo = iFastFood;
		};
		829DE1582A0BE4F400F30767 /* PBXContainerItemProxy */ = {
			isa = PBXContainerItemProxy;
			containerPortal = 829DE1352A0BE4F200F30767 /* Project object */;
			proxyType = 1;
			remoteGlobalIDString = 829DE13C2A0BE4F200F30767;
			remoteInfo = iFastFood;
		};
/* End PBXContainerItemProxy section */

/* Begin PBXFileReference section */
		82356EFB2A1A06F80089115C /* OrderListView.swift */ = {isa = PBXFileReference; lastKnownFileType = sourcecode.swift; path = OrderListView.swift; sourceTree = "<group>"; };
		82356EFD2A1A184A0089115C /* MainTabView.swift */ = {isa = PBXFileReference; lastKnownFileType = sourcecode.swift; path = MainTabView.swift; sourceTree = "<group>"; };
		82550FEC2A10D46D0057D9C4 /* ViewModel.swift */ = {isa = PBXFileReference; lastKnownFileType = sourcecode.swift; path = ViewModel.swift; sourceTree = "<group>"; };
		825C23392A13D64500157422 /* ListViewDetail.swift */ = {isa = PBXFileReference; lastKnownFileType = sourcecode.swift; path = ListViewDetail.swift; sourceTree = "<group>"; };
		8281449C2A10E46F00975D2C /* MainMenuListView.swift */ = {isa = PBXFileReference; lastKnownFileType = sourcecode.swift; path = MainMenuListView.swift; sourceTree = "<group>"; };
		8281449E2A10EBD800975D2C /* MainListCellView.swift */ = {isa = PBXFileReference; lastKnownFileType = sourcecode.swift; path = MainListCellView.swift; sourceTree = "<group>"; };
		829DE13D2A0BE4F200F30767 /* iFastFood.app */ = {isa = PBXFileReference; explicitFileType = wrapper.application; includeInIndex = 0; path = iFastFood.app; sourceTree = BUILT_PRODUCTS_DIR; };
		829DE1402A0BE4F200F30767 /* iFastFoodApp.swift */ = {isa = PBXFileReference; lastKnownFileType = sourcecode.swift; path = iFastFoodApp.swift; sourceTree = "<group>"; };
		829DE1442A0BE4F400F30767 /* Assets.xcassets */ = {isa = PBXFileReference; lastKnownFileType = folder.assetcatalog; path = Assets.xcassets; sourceTree = "<group>"; };
		829DE1472A0BE4F400F30767 /* Preview Assets.xcassets */ = {isa = PBXFileReference; lastKnownFileType = folder.assetcatalog; path = "Preview Assets.xcassets"; sourceTree = "<group>"; };
		829DE14D2A0BE4F400F30767 /* iFastFoodTests.xctest */ = {isa = PBXFileReference; explicitFileType = wrapper.cfbundle; includeInIndex = 0; path = iFastFoodTests.xctest; sourceTree = BUILT_PRODUCTS_DIR; };
		829DE1512A0BE4F400F30767 /* iFastFoodTests.swift */ = {isa = PBXFileReference; lastKnownFileType = sourcecode.swift; path = iFastFoodTests.swift; sourceTree = "<group>"; };
		829DE1572A0BE4F400F30767 /* iFastFoodUITests.xctest */ = {isa = PBXFileReference; explicitFileType = wrapper.cfbundle; includeInIndex = 0; path = iFastFoodUITests.xctest; sourceTree = BUILT_PRODUCTS_DIR; };
		829DE15B2A0BE4F400F30767 /* iFastFoodUITests.swift */ = {isa = PBXFileReference; lastKnownFileType = sourcecode.swift; path = iFastFoodUITests.swift; sourceTree = "<group>"; };
		829DE15D2A0BE4F400F30767 /* iFastFoodUITestsLaunchTests.swift */ = {isa = PBXFileReference; lastKnownFileType = sourcecode.swift; path = iFastFoodUITestsLaunchTests.swift; sourceTree = "<group>"; };
		829DE16A2A0BE64700F30767 /* menu.json */ = {isa = PBXFileReference; fileEncoding = 4; lastKnownFileType = text.json; path = menu.json; sourceTree = "<group>"; };
		829DE1702A0BE86000F30767 /* Persistence.swift */ = {isa = PBXFileReference; lastKnownFileType = sourcecode.swift; path = Persistence.swift; sourceTree = "<group>"; };
		829DE1762A0BFC4D00F30767 /* Extensions.swift */ = {isa = PBXFileReference; lastKnownFileType = sourcecode.swift; path = Extensions.swift; sourceTree = "<group>"; };
		829DE1792A0BFD0E00F30767 /* MenuModel.swift */ = {isa = PBXFileReference; lastKnownFileType = sourcecode.swift; path = MenuModel.swift; sourceTree = "<group>"; wrapsLines = 1; };
/* End PBXFileReference section */

/* Begin PBXFrameworksBuildPhase section */
		829DE13A2A0BE4F200F30767 /* Frameworks */ = {
			isa = PBXFrameworksBuildPhase;
			buildActionMask = 2147483647;
			files = (
			);
			runOnlyForDeploymentPostprocessing = 0;
		};
		829DE14A2A0BE4F400F30767 /* Frameworks */ = {
			isa = PBXFrameworksBuildPhase;
			buildActionMask = 2147483647;
			files = (
			);
			runOnlyForDeploymentPostprocessing = 0;
		};
		829DE1542A0BE4F400F30767 /* Frameworks */ = {
			isa = PBXFrameworksBuildPhase;
			buildActionMask = 2147483647;
			files = (
			);
			runOnlyForDeploymentPostprocessing = 0;
		};
/* End PBXFrameworksBuildPhase section */

/* Begin PBXGroup section */
		82550FEB2A10D45B0057D9C4 /* ViewModel */ = {
			isa = PBXGroup;
			children = (
				82550FEC2A10D46D0057D9C4 /* ViewModel.swift */,
			);
			name = ViewModel;
			sourceTree = "<group>";
		};
		829DE1342A0BE4F200F30767 = {
			isa = PBXGroup;
			children = (
				829DE13F2A0BE4F200F30767 /* iFastFood */,
				829DE1502A0BE4F400F30767 /* iFastFoodTests */,
				829DE15A2A0BE4F400F30767 /* iFastFoodUITests */,
				829DE13E2A0BE4F200F30767 /* Products */,
			);
			sourceTree = "<group>";
		};
		829DE13E2A0BE4F200F30767 /* Products */ = {
			isa = PBXGroup;
			children = (
				829DE13D2A0BE4F200F30767 /* iFastFood.app */,
				829DE14D2A0BE4F400F30767 /* iFastFoodTests.xctest */,
				829DE1572A0BE4F400F30767 /* iFastFoodUITests.xctest */,
			);
			name = Products;
			sourceTree = "<group>";
		};
		829DE13F2A0BE4F200F30767 /* iFastFood */ = {
			isa = PBXGroup;
			children = (
				82550FEB2A10D45B0057D9C4 /* ViewModel */,
				829DE17B2A0BFD3200F30767 /* Views */,
				829DE1782A0BFCF500F30767 /* Models */,
				829DE1752A0BFC3000F30767 /* Helpers */,
				829DE16F2A0BE83700F30767 /* Persistence */,
				829DE16D2A0BE66C00F30767 /* System */,
				829DE16C2A0BE65200F30767 /* Resources */,
				829DE1462A0BE4F400F30767 /* Preview Content */,
			);
			path = iFastFood;
			sourceTree = "<group>";
		};
		829DE1462A0BE4F400F30767 /* Preview Content */ = {
			isa = PBXGroup;
			children = (
				829DE1472A0BE4F400F30767 /* Preview Assets.xcassets */,
			);
			path = "Preview Content";
			sourceTree = "<group>";
		};
		829DE1502A0BE4F400F30767 /* iFastFoodTests */ = {
			isa = PBXGroup;
			children = (
				829DE1512A0BE4F400F30767 /* iFastFoodTests.swift */,
			);
			path = iFastFoodTests;
			sourceTree = "<group>";
		};
		829DE15A2A0BE4F400F30767 /* iFastFoodUITests */ = {
			isa = PBXGroup;
			children = (
				829DE15B2A0BE4F400F30767 /* iFastFoodUITests.swift */,
				829DE15D2A0BE4F400F30767 /* iFastFoodUITestsLaunchTests.swift */,
			);
			path = iFastFoodUITests;
			sourceTree = "<group>";
		};
		829DE16C2A0BE65200F30767 /* Resources */ = {
			isa = PBXGroup;
			children = (
				829DE1442A0BE4F400F30767 /* Assets.xcassets */,
				829DE16A2A0BE64700F30767 /* menu.json */,
			);
			name = Resources;
			sourceTree = "<group>";
		};
		829DE16D2A0BE66C00F30767 /* System */ = {
			isa = PBXGroup;
			children = (
				829DE1402A0BE4F200F30767 /* iFastFoodApp.swift */,
			);
			name = System;
			sourceTree = "<group>";
		};
		829DE16F2A0BE83700F30767 /* Persistence */ = {
			isa = PBXGroup;
			children = (
				829DE1702A0BE86000F30767 /* Persistence.swift */,
			);
			name = Persistence;
			sourceTree = "<group>";
		};
		829DE1752A0BFC3000F30767 /* Helpers */ = {
			isa = PBXGroup;
			children = (
				829DE1762A0BFC4D00F30767 /* Extensions.swift */,
			);
			name = Helpers;
			sourceTree = "<group>";
		};
		829DE1782A0BFCF500F30767 /* Models */ = {
			isa = PBXGroup;
			children = (
				829DE1792A0BFD0E00F30767 /* MenuModel.swift */,
			);
			name = Models;
			sourceTree = "<group>";
		};
		829DE17B2A0BFD3200F30767 /* Views */ = {
			isa = PBXGroup;
			children = (
				8281449C2A10E46F00975D2C /* MainMenuListView.swift */,
				8281449E2A10EBD800975D2C /* MainListCellView.swift */,
				825C23392A13D64500157422 /* ListViewDetail.swift */,
				82356EFB2A1A06F80089115C /* OrderListView.swift */,
				82356EFD2A1A184A0089115C /* MainTabView.swift */,
			);
			name = Views;
			sourceTree = "<group>";
		};
/* End PBXGroup section */

/* Begin PBXNativeTarget section */
		829DE13C2A0BE4F200F30767 /* iFastFood */ = {
			isa = PBXNativeTarget;
			buildConfigurationList = 829DE1612A0BE4F400F30767 /* Build configuration list for PBXNativeTarget "iFastFood" */;
			buildPhases = (
				829DE1392A0BE4F200F30767 /* Sources */,
				829DE13A2A0BE4F200F30767 /* Frameworks */,
				829DE13B2A0BE4F200F30767 /* Resources */,
			);
			buildRules = (
			);
			dependencies = (
			);
			name = iFastFood;
			productName = iFastFood;
			productReference = 829DE13D2A0BE4F200F30767 /* iFastFood.app */;
			productType = "com.apple.product-type.application";
		};
		829DE14C2A0BE4F400F30767 /* iFastFoodTests */ = {
			isa = PBXNativeTarget;
			buildConfigurationList = 829DE1642A0BE4F400F30767 /* Build configuration list for PBXNativeTarget "iFastFoodTests" */;
			buildPhases = (
				829DE1492A0BE4F400F30767 /* Sources */,
				829DE14A2A0BE4F400F30767 /* Frameworks */,
				829DE14B2A0BE4F400F30767 /* Resources */,
			);
			buildRules = (
			);
			dependencies = (
				829DE14F2A0BE4F400F30767 /* PBXTargetDependency */,
			);
			name = iFastFoodTests;
			productName = iFastFoodTests;
			productReference = 829DE14D2A0BE4F400F30767 /* iFastFoodTests.xctest */;
			productType = "com.apple.product-type.bundle.unit-test";
		};
		829DE1562A0BE4F400F30767 /* iFastFoodUITests */ = {
			isa = PBXNativeTarget;
			buildConfigurationList = 829DE1672A0BE4F400F30767 /* Build configuration list for PBXNativeTarget "iFastFoodUITests" */;
			buildPhases = (
				829DE1532A0BE4F400F30767 /* Sources */,
				829DE1542A0BE4F400F30767 /* Frameworks */,
				829DE1552A0BE4F400F30767 /* Resources */,
			);
			buildRules = (
			);
			dependencies = (
				829DE1592A0BE4F400F30767 /* PBXTargetDependency */,
			);
			name = iFastFoodUITests;
			productName = iFastFoodUITests;
			productReference = 829DE1572A0BE4F400F30767 /* iFastFoodUITests.xctest */;
			productType = "com.apple.product-type.bundle.ui-testing";
		};
/* End PBXNativeTarget section */

/* Begin PBXProject section */
		829DE1352A0BE4F200F30767 /* Project object */ = {
			isa = PBXProject;
			attributes = {
				BuildIndependentTargetsInParallel = 1;
				LastSwiftUpdateCheck = 1430;
				LastUpgradeCheck = 1430;
				TargetAttributes = {
					829DE13C2A0BE4F200F30767 = {
						CreatedOnToolsVersion = 14.3;
					};
					829DE14C2A0BE4F400F30767 = {
						CreatedOnToolsVersion = 14.3;
						TestTargetID = 829DE13C2A0BE4F200F30767;
					};
					829DE1562A0BE4F400F30767 = {
						CreatedOnToolsVersion = 14.3;
						TestTargetID = 829DE13C2A0BE4F200F30767;
					};
				};
			};
			buildConfigurationList = 829DE1382A0BE4F200F30767 /* Build configuration list for PBXProject "iFastFood" */;
			compatibilityVersion = "Xcode 14.0";
			developmentRegion = en;
			hasScannedForEncodings = 0;
			knownRegions = (
				en,
				Base,
			);
			mainGroup = 829DE1342A0BE4F200F30767;
			productRefGroup = 829DE13E2A0BE4F200F30767 /* Products */;
			projectDirPath = "";
			projectRoot = "";
			targets = (
				829DE13C2A0BE4F200F30767 /* iFastFood */,
				829DE14C2A0BE4F400F30767 /* iFastFoodTests */,
				829DE1562A0BE4F400F30767 /* iFastFoodUITests */,
			);
		};
/* End PBXProject section */

/* Begin PBXResourcesBuildPhase section */
		829DE13B2A0BE4F200F30767 /* Resources */ = {
			isa = PBXResourcesBuildPhase;
			buildActionMask = 2147483647;
			files = (
				829DE16B2A0BE64700F30767 /* menu.json in Resources */,
				829DE1482A0BE4F400F30767 /* Preview Assets.xcassets in Resources */,
				829DE1452A0BE4F400F30767 /* Assets.xcassets in Resources */,
			);
			runOnlyForDeploymentPostprocessing = 0;
		};
		829DE14B2A0BE4F400F30767 /* Resources */ = {
			isa = PBXResourcesBuildPhase;
			buildActionMask = 2147483647;
			files = (
			);
			runOnlyForDeploymentPostprocessing = 0;
		};
		829DE1552A0BE4F400F30767 /* Resources */ = {
			isa = PBXResourcesBuildPhase;
			buildActionMask = 2147483647;
			files = (
			);
			runOnlyForDeploymentPostprocessing = 0;
		};
/* End PBXResourcesBuildPhase section */

/* Begin PBXSourcesBuildPhase section */
		829DE1392A0BE4F200F30767 /* Sources */ = {
			isa = PBXSourcesBuildPhase;
			buildActionMask = 2147483647;
			files = (
				829DE1772A0BFC4D00F30767 /* Extensions.swift in Sources */,
				825C233A2A13D64500157422 /* ListViewDetail.swift in Sources */,
				82356EFC2A1A06F80089115C /* OrderListView.swift in Sources */,
				829DE1712A0BE86000F30767 /* Persistence.swift in Sources */,
				8281449D2A10E46F00975D2C /* MainMenuListView.swift in Sources */,
				829DE17A2A0BFD0E00F30767 /* MenuModel.swift in Sources */,
				8281449F2A10EBD800975D2C /* MainListCellView.swift in Sources */,
				82550FED2A10D46D0057D9C4 /* ViewModel.swift in Sources */,
				829DE1412A0BE4F200F30767 /* iFastFoodApp.swift in Sources */,
				82356EFE2A1A184A0089115C /* MainTabView.swift in Sources */,
			);
			runOnlyForDeploymentPostprocessing = 0;
		};
		829DE1492A0BE4F400F30767 /* Sources */ = {
			isa = PBXSourcesBuildPhase;
			buildActionMask = 2147483647;
			files = (
				829DE1522A0BE4F400F30767 /* iFastFoodTests.swift in Sources */,
			);
			runOnlyForDeploymentPostprocessing = 0;
		};
		829DE1532A0BE4F400F30767 /* Sources */ = {
			isa = PBXSourcesBuildPhase;
			buildActionMask = 2147483647;
			files = (
				829DE15E2A0BE4F400F30767 /* iFastFoodUITestsLaunchTests.swift in Sources */,
				829DE15C2A0BE4F400F30767 /* iFastFoodUITests.swift in Sources */,
			);
			runOnlyForDeploymentPostprocessing = 0;
		};
/* End PBXSourcesBuildPhase section */

/* Begin PBXTargetDependency section */
		829DE14F2A0BE4F400F30767 /* PBXTargetDependency */ = {
			isa = PBXTargetDependency;
			target = 829DE13C2A0BE4F200F30767 /* iFastFood */;
			targetProxy = 829DE14E2A0BE4F400F30767 /* PBXContainerItemProxy */;
		};
		829DE1592A0BE4F400F30767 /* PBXTargetDependency */ = {
			isa = PBXTargetDependency;
			target = 829DE13C2A0BE4F200F30767 /* iFastFood */;
			targetProxy = 829DE1582A0BE4F400F30767 /* PBXContainerItemProxy */;
		};
/* End PBXTargetDependency section */

/* Begin XCBuildConfiguration section */
		829DE15F2A0BE4F400F30767 /* Debug */ = {
			isa = XCBuildConfiguration;
			buildSettings = {
				ALWAYS_SEARCH_USER_PATHS = NO;
				CLANG_ANALYZER_NONNULL = YES;
				CLANG_ANALYZER_NUMBER_OBJECT_CONVERSION = YES_AGGRESSIVE;
				CLANG_CXX_LANGUAGE_STANDARD = "gnu++20";
				CLANG_ENABLE_MODULES = YES;
				CLANG_ENABLE_OBJC_ARC = YES;
				CLANG_ENABLE_OBJC_WEAK = YES;
				CLANG_WARN_BLOCK_CAPTURE_AUTORELEASING = YES;
				CLANG_WARN_BOOL_CONVERSION = YES;
				CLANG_WARN_COMMA = YES;
				CLANG_WARN_CONSTANT_CONVERSION = YES;
				CLANG_WARN_DEPRECATED_OBJC_IMPLEMENTATIONS = YES;
				CLANG_WARN_DIRECT_OBJC_ISA_USAGE = YES_ERROR;
				CLANG_WARN_DOCUMENTATION_COMMENTS = YES;
				CLANG_WARN_EMPTY_BODY = YES;
				CLANG_WARN_ENUM_CONVERSION = YES;
				CLANG_WARN_INFINITE_RECURSION = YES;
				CLANG_WARN_INT_CONVERSION = YES;
				CLANG_WARN_NON_LITERAL_NULL_CONVERSION = YES;
				CLANG_WARN_OBJC_IMPLICIT_RETAIN_SELF = YES;
				CLANG_WARN_OBJC_LITERAL_CONVERSION = YES;
				CLANG_WARN_OBJC_ROOT_CLASS = YES_ERROR;
				CLANG_WARN_QUOTED_INCLUDE_IN_FRAMEWORK_HEADER = YES;
				CLANG_WARN_RANGE_LOOP_ANALYSIS = YES;
				CLANG_WARN_STRICT_PROTOTYPES = YES;
				CLANG_WARN_SUSPICIOUS_MOVE = YES;
				CLANG_WARN_UNGUARDED_AVAILABILITY = YES_AGGRESSIVE;
				CLANG_WARN_UNREACHABLE_CODE = YES;
				CLANG_WARN__DUPLICATE_METHOD_MATCH = YES;
				COPY_PHASE_STRIP = NO;
				DEBUG_INFORMATION_FORMAT = dwarf;
				ENABLE_STRICT_OBJC_MSGSEND = YES;
				ENABLE_TESTABILITY = YES;
				GCC_C_LANGUAGE_STANDARD = gnu11;
				GCC_DYNAMIC_NO_PIC = NO;
				GCC_NO_COMMON_BLOCKS = YES;
				GCC_OPTIMIZATION_LEVEL = 0;
				GCC_PREPROCESSOR_DEFINITIONS = (
					"DEBUG=1",
					"$(inherited)",
				);
				GCC_WARN_64_TO_32_BIT_CONVERSION = YES;
				GCC_WARN_ABOUT_RETURN_TYPE = YES_ERROR;
				GCC_WARN_UNDECLARED_SELECTOR = YES;
				GCC_WARN_UNINITIALIZED_AUTOS = YES_AGGRESSIVE;
				GCC_WARN_UNUSED_FUNCTION = YES;
				GCC_WARN_UNUSED_VARIABLE = YES;
				IPHONEOS_DEPLOYMENT_TARGET = 16.4;
				MTL_ENABLE_DEBUG_INFO = INCLUDE_SOURCE;
				MTL_FAST_MATH = YES;
				ONLY_ACTIVE_ARCH = YES;
				SDKROOT = iphoneos;
				SWIFT_ACTIVE_COMPILATION_CONDITIONS = DEBUG;
				SWIFT_OPTIMIZATION_LEVEL = "-Onone";
			};
			name = Debug;
		};
		829DE1602A0BE4F400F30767 /* Release */ = {
			isa = XCBuildConfiguration;
			buildSettings = {
				ALWAYS_SEARCH_USER_PATHS = NO;
				CLANG_ANALYZER_NONNULL = YES;
				CLANG_ANALYZER_NUMBER_OBJECT_CONVERSION = YES_AGGRESSIVE;
				CLANG_CXX_LANGUAGE_STANDARD = "gnu++20";
				CLANG_ENABLE_MODULES = YES;
				CLANG_ENABLE_OBJC_ARC = YES;
				CLANG_ENABLE_OBJC_WEAK = YES;
				CLANG_WARN_BLOCK_CAPTURE_AUTORELEASING = YES;
				CLANG_WARN_BOOL_CONVERSION = YES;
				CLANG_WARN_COMMA = YES;
				CLANG_WARN_CONSTANT_CONVERSION = YES;
				CLANG_WARN_DEPRECATED_OBJC_IMPLEMENTATIONS = YES;
				CLANG_WARN_DIRECT_OBJC_ISA_USAGE = YES_ERROR;
				CLANG_WARN_DOCUMENTATION_COMMENTS = YES;
				CLANG_WARN_EMPTY_BODY = YES;
				CLANG_WARN_ENUM_CONVERSION = YES;
				CLANG_WARN_INFINITE_RECURSION = YES;
				CLANG_WARN_INT_CONVERSION = YES;
				CLANG_WARN_NON_LITERAL_NULL_CONVERSION = YES;
				CLANG_WARN_OBJC_IMPLICIT_RETAIN_SELF = YES;
				CLANG_WARN_OBJC_LITERAL_CONVERSION = YES;
				CLANG_WARN_OBJC_ROOT_CLASS = YES_ERROR;
				CLANG_WARN_QUOTED_INCLUDE_IN_FRAMEWORK_HEADER = YES;
				CLANG_WARN_RANGE_LOOP_ANALYSIS = YES;
				CLANG_WARN_STRICT_PROTOTYPES = YES;
				CLANG_WARN_SUSPICIOUS_MOVE = YES;
				CLANG_WARN_UNGUARDED_AVAILABILITY = YES_AGGRESSIVE;
				CLANG_WARN_UNREACHABLE_CODE = YES;
				CLANG_WARN__DUPLICATE_METHOD_MATCH = YES;
				COPY_PHASE_STRIP = NO;
				DEBUG_INFORMATION_FORMAT = "dwarf-with-dsym";
				ENABLE_NS_ASSERTIONS = NO;
				ENABLE_STRICT_OBJC_MSGSEND = YES;
				GCC_C_LANGUAGE_STANDARD = gnu11;
				GCC_NO_COMMON_BLOCKS = YES;
				GCC_WARN_64_TO_32_BIT_CONVERSION = YES;
				GCC_WARN_ABOUT_RETURN_TYPE = YES_ERROR;
				GCC_WARN_UNDECLARED_SELECTOR = YES;
				GCC_WARN_UNINITIALIZED_AUTOS = YES_AGGRESSIVE;
				GCC_WARN_UNUSED_FUNCTION = YES;
				GCC_WARN_UNUSED_VARIABLE = YES;
				IPHONEOS_DEPLOYMENT_TARGET = 16.4;
				MTL_ENABLE_DEBUG_INFO = NO;
				MTL_FAST_MATH = YES;
				SDKROOT = iphoneos;
				SWIFT_COMPILATION_MODE = wholemodule;
				SWIFT_OPTIMIZATION_LEVEL = "-O";
				VALIDATE_PRODUCT = YES;
			};
			name = Release;
		};
		829DE1622A0BE4F400F30767 /* Debug */ = {
			isa = XCBuildConfiguration;
			buildSettings = {
				ASSETCATALOG_COMPILER_APPICON_NAME = AppIcon;
				ASSETCATALOG_COMPILER_GLOBAL_ACCENT_COLOR_NAME = AccentColor;
				CODE_SIGN_STYLE = Automatic;
				CURRENT_PROJECT_VERSION = 1;
				DEVELOPMENT_ASSET_PATHS = "\"iFastFood/Preview Content\"";
				DEVELOPMENT_TEAM = DZC2GMGN43;
				ENABLE_PREVIEWS = YES;
				GENERATE_INFOPLIST_FILE = YES;
				INFOPLIST_KEY_UIApplicationSceneManifest_Generation = YES;
				INFOPLIST_KEY_UIApplicationSupportsIndirectInputEvents = YES;
				INFOPLIST_KEY_UILaunchScreen_Generation = YES;
				INFOPLIST_KEY_UISupportedInterfaceOrientations_iPad = "UIInterfaceOrientationPortrait UIInterfaceOrientationPortraitUpsideDown UIInterfaceOrientationLandscapeLeft UIInterfaceOrientationLandscapeRight";
				INFOPLIST_KEY_UISupportedInterfaceOrientations_iPhone = "UIInterfaceOrientationPortrait UIInterfaceOrientationLandscapeLeft UIInterfaceOrientationLandscapeRight";
				LD_RUNPATH_SEARCH_PATHS = (
					"$(inherited)",
					"@executable_path/Frameworks",
				);
				MARKETING_VERSION = 1.0;
				PRODUCT_BUNDLE_IDENTIFIER = "air-j-porti-icloud.com.iFastFood";
				PRODUCT_NAME = "$(TARGET_NAME)";
				SWIFT_EMIT_LOC_STRINGS = YES;
				SWIFT_VERSION = 5.0;
				TARGETED_DEVICE_FAMILY = "1,2";
			};
			name = Debug;
		};
		829DE1632A0BE4F400F30767 /* Release */ = {
			isa = XCBuildConfiguration;
			buildSettings = {
				ASSETCATALOG_COMPILER_APPICON_NAME = AppIcon;
				ASSETCATALOG_COMPILER_GLOBAL_ACCENT_COLOR_NAME = AccentColor;
				CODE_SIGN_STYLE = Automatic;
				CURRENT_PROJECT_VERSION = 1;
				DEVELOPMENT_ASSET_PATHS = "\"iFastFood/Preview Content\"";
				DEVELOPMENT_TEAM = DZC2GMGN43;
				ENABLE_PREVIEWS = YES;
				GENERATE_INFOPLIST_FILE = YES;
				INFOPLIST_KEY_UIApplicationSceneManifest_Generation = YES;
				INFOPLIST_KEY_UIApplicationSupportsIndirectInputEvents = YES;
				INFOPLIST_KEY_UILaunchScreen_Generation = YES;
				INFOPLIST_KEY_UISupportedInterfaceOrientations_iPad = "UIInterfaceOrientationPortrait UIInterfaceOrientationPortraitUpsideDown UIInterfaceOrientationLandscapeLeft UIInterfaceOrientationLandscapeRight";
				INFOPLIST_KEY_UISupportedInterfaceOrientations_iPhone = "UIInterfaceOrientationPortrait UIInterfaceOrientationLandscapeLeft UIInterfaceOrientationLandscapeRight";
				LD_RUNPATH_SEARCH_PATHS = (
					"$(inherited)",
					"@executable_path/Frameworks",
				);
				MARKETING_VERSION = 1.0;
				PRODUCT_BUNDLE_IDENTIFIER = "air-j-porti-icloud.com.iFastFood";
				PRODUCT_NAME = "$(TARGET_NAME)";
				SWIFT_EMIT_LOC_STRINGS = YES;
				SWIFT_VERSION = 5.0;
				TARGETED_DEVICE_FAMILY = "1,2";
			};
			name = Release;
		};
		829DE1652A0BE4F400F30767 /* Debug */ = {
			isa = XCBuildConfiguration;
			buildSettings = {
				ALWAYS_EMBED_SWIFT_STANDARD_LIBRARIES = YES;
				BUNDLE_LOADER = "$(TEST_HOST)";
				CODE_SIGN_STYLE = Automatic;
				CURRENT_PROJECT_VERSION = 1;
				DEVELOPMENT_TEAM = DZC2GMGN43;
				GENERATE_INFOPLIST_FILE = YES;
				IPHONEOS_DEPLOYMENT_TARGET = 16.4;
				MARKETING_VERSION = 1.0;
				PRODUCT_BUNDLE_IDENTIFIER = "air-j-porti-icloud.com.iFastFoodTests";
				PRODUCT_NAME = "$(TARGET_NAME)";
				SWIFT_EMIT_LOC_STRINGS = NO;
				SWIFT_VERSION = 5.0;
				TARGETED_DEVICE_FAMILY = "1,2";
				TEST_HOST = "$(BUILT_PRODUCTS_DIR)/iFastFood.app/$(BUNDLE_EXECUTABLE_FOLDER_PATH)/iFastFood";
			};
			name = Debug;
		};
		829DE1662A0BE4F400F30767 /* Release */ = {
			isa = XCBuildConfiguration;
			buildSettings = {
				ALWAYS_EMBED_SWIFT_STANDARD_LIBRARIES = YES;
				BUNDLE_LOADER = "$(TEST_HOST)";
				CODE_SIGN_STYLE = Automatic;
				CURRENT_PROJECT_VERSION = 1;
				DEVELOPMENT_TEAM = DZC2GMGN43;
				GENERATE_INFOPLIST_FILE = YES;
				IPHONEOS_DEPLOYMENT_TARGET = 16.4;
				MARKETING_VERSION = 1.0;
				PRODUCT_BUNDLE_IDENTIFIER = "air-j-porti-icloud.com.iFastFoodTests";
				PRODUCT_NAME = "$(TARGET_NAME)";
				SWIFT_EMIT_LOC_STRINGS = NO;
				SWIFT_VERSION = 5.0;
				TARGETED_DEVICE_FAMILY = "1,2";
				TEST_HOST = "$(BUILT_PRODUCTS_DIR)/iFastFood.app/$(BUNDLE_EXECUTABLE_FOLDER_PATH)/iFastFood";
			};
			name = Release;
		};
		829DE1682A0BE4F400F30767 /* Debug */ = {
			isa = XCBuildConfiguration;
			buildSettings = {
				ALWAYS_EMBED_SWIFT_STANDARD_LIBRARIES = YES;
				CODE_SIGN_STYLE = Automatic;
				CURRENT_PROJECT_VERSION = 1;
				DEVELOPMENT_TEAM = DZC2GMGN43;
				GENERATE_INFOPLIST_FILE = YES;
				MARKETING_VERSION = 1.0;
				PRODUCT_BUNDLE_IDENTIFIER = "air-j-porti-icloud.com.iFastFoodUITests";
				PRODUCT_NAME = "$(TARGET_NAME)";
				SWIFT_EMIT_LOC_STRINGS = NO;
				SWIFT_VERSION = 5.0;
				TARGETED_DEVICE_FAMILY = "1,2";
				TEST_TARGET_NAME = iFastFood;
			};
			name = Debug;
		};
		829DE1692A0BE4F400F30767 /* Release */ = {
			isa = XCBuildConfiguration;
			buildSettings = {
				ALWAYS_EMBED_SWIFT_STANDARD_LIBRARIES = YES;
				CODE_SIGN_STYLE = Automatic;
				CURRENT_PROJECT_VERSION = 1;
				DEVELOPMENT_TEAM = DZC2GMGN43;
				GENERATE_INFOPLIST_FILE = YES;
				MARKETING_VERSION = 1.0;
				PRODUCT_BUNDLE_IDENTIFIER = "air-j-porti-icloud.com.iFastFoodUITests";
				PRODUCT_NAME = "$(TARGET_NAME)";
				SWIFT_EMIT_LOC_STRINGS = NO;
				SWIFT_VERSION = 5.0;
				TARGETED_DEVICE_FAMILY = "1,2";
				TEST_TARGET_NAME = iFastFood;
			};
			name = Release;
		};
/* End XCBuildConfiguration section */

/* Begin XCConfigurationList section */
		829DE1382A0BE4F200F30767 /* Build configuration list for PBXProject "iFastFood" */ = {
			isa = XCConfigurationList;
			buildConfigurations = (
				829DE15F2A0BE4F400F30767 /* Debug */,
				829DE1602A0BE4F400F30767 /* Release */,
			);
			defaultConfigurationIsVisible = 0;
			defaultConfigurationName = Release;
		};
		829DE1612A0BE4F400F30767 /* Build configuration list for PBXNativeTarget "iFastFood" */ = {
			isa = XCConfigurationList;
			buildConfigurations = (
				829DE1622A0BE4F400F30767 /* Debug */,
				829DE1632A0BE4F400F30767 /* Release */,
			);
			defaultConfigurationIsVisible = 0;
			defaultConfigurationName = Release;
		};
		829DE1642A0BE4F400F30767 /* Build configuration list for PBXNativeTarget "iFastFoodTests" */ = {
			isa = XCConfigurationList;
			buildConfigurations = (
				829DE1652A0BE4F400F30767 /* Debug */,
				829DE1662A0BE4F400F30767 /* Release */,
			);
			defaultConfigurationIsVisible = 0;
			defaultConfigurationName = Release;
		};
		829DE1672A0BE4F400F30767 /* Build configuration list for PBXNativeTarget "iFastFoodUITests" */ = {
			isa = XCConfigurationList;
			buildConfigurations = (
				829DE1682A0BE4F400F30767 /* Debug */,
				829DE1692A0BE4F400F30767 /* Release */,
			);
			defaultConfigurationIsVisible = 0;
			defaultConfigurationName = Release;
		};
/* End XCConfigurationList section */
	};
	rootObject = 829DE1352A0BE4F200F30767 /* Project object */;
}
